// !$*UTF8*$!
{
	archiveVersion = 1;
	classes = {
	};
	objectVersion = 50;
	objects = {

/* Begin PBXBuildFile section */
		8472F52D29D1D41F004FFC04 /* Project+CoreDataClass.swift in Sources */ = {isa = PBXBuildFile; fileRef = 8472F52729D1D41F004FFC04 /* Project+CoreDataClass.swift */; };
		8472F52E29D1D41F004FFC04 /* Project+CoreDataProperties.swift in Sources */ = {isa = PBXBuildFile; fileRef = 8472F52829D1D41F004FFC04 /* Project+CoreDataProperties.swift */; };
		8472F52F29D1D41F004FFC04 /* Task+CoreDataClass.swift in Sources */ = {isa = PBXBuildFile; fileRef = 8472F52929D1D41F004FFC04 /* Task+CoreDataClass.swift */; };
		8472F53029D1D41F004FFC04 /* Task+CoreDataProperties.swift in Sources */ = {isa = PBXBuildFile; fileRef = 8472F52A29D1D41F004FFC04 /* Task+CoreDataProperties.swift */; };
		8472F53129D1D41F004FFC04 /* Category+CoreDataClass.swift in Sources */ = {isa = PBXBuildFile; fileRef = 8472F52B29D1D41F004FFC04 /* Category+CoreDataClass.swift */; };
		8472F53229D1D41F004FFC04 /* Category+CoreDataProperties.swift in Sources */ = {isa = PBXBuildFile; fileRef = 8472F52C29D1D41F004FFC04 /* Category+CoreDataProperties.swift */; };
		848FD98B29ED2D8A00196565 /* ProjectsDataSource.swift in Sources */ = {isa = PBXBuildFile; fileRef = 848FD98A29ED2D8A00196565 /* ProjectsDataSource.swift */; };
		848FD98D29ED30A000196565 /* CategoriesDataSource.swift in Sources */ = {isa = PBXBuildFile; fileRef = 848FD98C29ED30A000196565 /* CategoriesDataSource.swift */; };
		849DB6582928183500313C5F /* CategoriesView.swift in Sources */ = {isa = PBXBuildFile; fileRef = 849DB6572928183500313C5F /* CategoriesView.swift */; };
		849DB65A29281BAB00313C5F /* CategoriesRouter.swift in Sources */ = {isa = PBXBuildFile; fileRef = 849DB65929281BAB00313C5F /* CategoriesRouter.swift */; };
		849DB65C29281BB900313C5F /* BaseRouter.swift in Sources */ = {isa = PBXBuildFile; fileRef = 849DB65B29281BB900313C5F /* BaseRouter.swift */; };
		849DB65F292959E400313C5F /* ProjectsView.swift in Sources */ = {isa = PBXBuildFile; fileRef = 849DB65E292959E400313C5F /* ProjectsView.swift */; };
		84CD8EE9292A867D0041682B /* CategoryCollectionViewCell.swift in Sources */ = {isa = PBXBuildFile; fileRef = 84CD8EE8292A867D0041682B /* CategoryCollectionViewCell.swift */; };
		84D9AC0A29A4AD3A00385673 /* PersistenceService.swift in Sources */ = {isa = PBXBuildFile; fileRef = 84D9AC0929A4AD3A00385673 /* PersistenceService.swift */; };
		84EE919E29D2D84200DC1AA3 /* Constants.swift in Sources */ = {isa = PBXBuildFile; fileRef = 84EE919D29D2D84200DC1AA3 /* Constants.swift */; };
		84F7284D298BE22E00FAAE24 /* UITableViewCell+Extensions.swift in Sources */ = {isa = PBXBuildFile; fileRef = 84F7284C298BE22E00FAAE24 /* UITableViewCell+Extensions.swift */; };
		84F7284F298BE27C00FAAE24 /* UICollectionViewCell+Extensions.swift in Sources */ = {isa = PBXBuildFile; fileRef = 84F7284E298BE27C00FAAE24 /* UICollectionViewCell+Extensions.swift */; };
		84F72851298BE30A00FAAE24 /* UITableView+Extensions.swift in Sources */ = {isa = PBXBuildFile; fileRef = 84F72850298BE30A00FAAE24 /* UITableView+Extensions.swift */; };
		84F72853298BE4AC00FAAE24 /* UICollectionView+Extensions.swift in Sources */ = {isa = PBXBuildFile; fileRef = 84F72852298BE4AC00FAAE24 /* UICollectionView+Extensions.swift */; };
		84F72855298BF31600FAAE24 /* UITableViewHeaderFooterView+Extensions.swift in Sources */ = {isa = PBXBuildFile; fileRef = 84F72854298BF31600FAAE24 /* UITableViewHeaderFooterView+Extensions.swift */; };
		84FD8B6C29D188020083A1E4 /* Factory.swift in Sources */ = {isa = PBXBuildFile; fileRef = 84FD8B6B29D188020083A1E4 /* Factory.swift */; };
		84FD8B6E29D189260083A1E4 /* CategoriesFactory.swift in Sources */ = {isa = PBXBuildFile; fileRef = 84FD8B6D29D189260083A1E4 /* CategoriesFactory.swift */; };
		84FD8B7029D18A6E0083A1E4 /* ProjectsFactory.swift in Sources */ = {isa = PBXBuildFile; fileRef = 84FD8B6F29D18A6E0083A1E4 /* ProjectsFactory.swift */; };
		FA31F24F27D75E890005929D /* ProjectHeaderView.swift in Sources */ = {isa = PBXBuildFile; fileRef = FA31F24E27D75E890005929D /* ProjectHeaderView.swift */; };
		FA31F25127D766240005929D /* TaskTableViewCell.swift in Sources */ = {isa = PBXBuildFile; fileRef = FA31F25027D766230005929D /* TaskTableViewCell.swift */; };
		FA31F25327D7737C0005929D /* ProjectsViewModel.swift in Sources */ = {isa = PBXBuildFile; fileRef = FA31F25227D7737C0005929D /* ProjectsViewModel.swift */; };
		FA332CD8273560D70053FB0F /* PersistenceServiceImpl.swift in Sources */ = {isa = PBXBuildFile; fileRef = FA332CD7273560D70053FB0F /* PersistenceServiceImpl.swift */; };
		FA37BCDF253CA1D700BCB101 /* AppDelegate.swift in Sources */ = {isa = PBXBuildFile; fileRef = FA37BCDE253CA1D700BCB101 /* AppDelegate.swift */; };
		FA37BCE9253CA1D700BCB101 /* ToDoCoreData.xcdatamodeld in Sources */ = {isa = PBXBuildFile; fileRef = FA37BCE7253CA1D700BCB101 /* ToDoCoreData.xcdatamodeld */; };
		FA37BCEB253CA1DD00BCB101 /* Assets.xcassets in Resources */ = {isa = PBXBuildFile; fileRef = FA37BCEA253CA1DD00BCB101 /* Assets.xcassets */; };
		FA37BCEE253CA1DD00BCB101 /* LaunchScreen.storyboard in Resources */ = {isa = PBXBuildFile; fileRef = FA37BCEC253CA1DD00BCB101 /* LaunchScreen.storyboard */; };
		FA56F4A727D757E600B28543 /* SetupFunction.swift in Sources */ = {isa = PBXBuildFile; fileRef = FA56F4A627D757E600B28543 /* SetupFunction.swift */; };
		FA94A202274A92440031DC28 /* CategoriesViewController.swift in Sources */ = {isa = PBXBuildFile; fileRef = FA94A201274A92440031DC28 /* CategoriesViewController.swift */; };
		FA94A206274A98450031DC28 /* UIViewController+Alert.swift in Sources */ = {isa = PBXBuildFile; fileRef = FA94A205274A98450031DC28 /* UIViewController+Alert.swift */; };
		FA9567C1274E5B0700DF9164 /* UIView+Extensions.swift in Sources */ = {isa = PBXBuildFile; fileRef = FA9567C0274E5B0700DF9164 /* UIView+Extensions.swift */; };
		FA9567C3274E5E7B00DF9164 /* Organizer.swift in Sources */ = {isa = PBXBuildFile; fileRef = FA9567C2274E5E7B00DF9164 /* Organizer.swift */; };
		FA9567C6274E634C00DF9164 /* CategoriesViewModel.swift in Sources */ = {isa = PBXBuildFile; fileRef = FA9567C5274E634C00DF9164 /* CategoriesViewModel.swift */; };
		FAC944A3262EAE1F00BCADAD /* ProjectsViewController.swift in Sources */ = {isa = PBXBuildFile; fileRef = FAC944A2262EAE1F00BCADAD /* ProjectsViewController.swift */; };
/* End PBXBuildFile section */

/* Begin PBXFileReference section */
		8472F52729D1D41F004FFC04 /* Project+CoreDataClass.swift */ = {isa = PBXFileReference; lastKnownFileType = sourcecode.swift; path = "Project+CoreDataClass.swift"; sourceTree = SOURCE_ROOT; };
		8472F52829D1D41F004FFC04 /* Project+CoreDataProperties.swift */ = {isa = PBXFileReference; lastKnownFileType = sourcecode.swift; path = "Project+CoreDataProperties.swift"; sourceTree = SOURCE_ROOT; };
		8472F52929D1D41F004FFC04 /* Task+CoreDataClass.swift */ = {isa = PBXFileReference; lastKnownFileType = sourcecode.swift; path = "Task+CoreDataClass.swift"; sourceTree = SOURCE_ROOT; };
		8472F52A29D1D41F004FFC04 /* Task+CoreDataProperties.swift */ = {isa = PBXFileReference; lastKnownFileType = sourcecode.swift; path = "Task+CoreDataProperties.swift"; sourceTree = SOURCE_ROOT; };
		8472F52B29D1D41F004FFC04 /* Category+CoreDataClass.swift */ = {isa = PBXFileReference; lastKnownFileType = sourcecode.swift; path = "Category+CoreDataClass.swift"; sourceTree = SOURCE_ROOT; };
		8472F52C29D1D41F004FFC04 /* Category+CoreDataProperties.swift */ = {isa = PBXFileReference; lastKnownFileType = sourcecode.swift; path = "Category+CoreDataProperties.swift"; sourceTree = SOURCE_ROOT; };
		848FD98A29ED2D8A00196565 /* ProjectsDataSource.swift */ = {isa = PBXFileReference; lastKnownFileType = sourcecode.swift; path = ProjectsDataSource.swift; sourceTree = "<group>"; };
		848FD98C29ED30A000196565 /* CategoriesDataSource.swift */ = {isa = PBXFileReference; lastKnownFileType = sourcecode.swift; path = CategoriesDataSource.swift; sourceTree = "<group>"; };
		849DB6572928183500313C5F /* CategoriesView.swift */ = {isa = PBXFileReference; lastKnownFileType = sourcecode.swift; path = CategoriesView.swift; sourceTree = "<group>"; };
		849DB65929281BAB00313C5F /* CategoriesRouter.swift */ = {isa = PBXFileReference; lastKnownFileType = sourcecode.swift; path = CategoriesRouter.swift; sourceTree = "<group>"; };
		849DB65B29281BB900313C5F /* BaseRouter.swift */ = {isa = PBXFileReference; lastKnownFileType = sourcecode.swift; path = BaseRouter.swift; sourceTree = "<group>"; };
		849DB65E292959E400313C5F /* ProjectsView.swift */ = {isa = PBXFileReference; lastKnownFileType = sourcecode.swift; path = ProjectsView.swift; sourceTree = "<group>"; };
		84CD8EE8292A867D0041682B /* CategoryCollectionViewCell.swift */ = {isa = PBXFileReference; lastKnownFileType = sourcecode.swift; path = CategoryCollectionViewCell.swift; sourceTree = "<group>"; };
		84D9AC0929A4AD3A00385673 /* PersistenceService.swift */ = {isa = PBXFileReference; lastKnownFileType = sourcecode.swift; path = PersistenceService.swift; sourceTree = "<group>"; };
		84EE919D29D2D84200DC1AA3 /* Constants.swift */ = {isa = PBXFileReference; lastKnownFileType = sourcecode.swift; path = Constants.swift; sourceTree = "<group>"; };
		84F7284C298BE22E00FAAE24 /* UITableViewCell+Extensions.swift */ = {isa = PBXFileReference; lastKnownFileType = sourcecode.swift; path = "UITableViewCell+Extensions.swift"; sourceTree = "<group>"; };
		84F7284E298BE27C00FAAE24 /* UICollectionViewCell+Extensions.swift */ = {isa = PBXFileReference; lastKnownFileType = sourcecode.swift; path = "UICollectionViewCell+Extensions.swift"; sourceTree = "<group>"; };
		84F72850298BE30A00FAAE24 /* UITableView+Extensions.swift */ = {isa = PBXFileReference; lastKnownFileType = sourcecode.swift; path = "UITableView+Extensions.swift"; sourceTree = "<group>"; };
		84F72852298BE4AC00FAAE24 /* UICollectionView+Extensions.swift */ = {isa = PBXFileReference; lastKnownFileType = sourcecode.swift; path = "UICollectionView+Extensions.swift"; sourceTree = "<group>"; };
		84F72854298BF31600FAAE24 /* UITableViewHeaderFooterView+Extensions.swift */ = {isa = PBXFileReference; lastKnownFileType = sourcecode.swift; path = "UITableViewHeaderFooterView+Extensions.swift"; sourceTree = "<group>"; };
		84FD8B6B29D188020083A1E4 /* Factory.swift */ = {isa = PBXFileReference; lastKnownFileType = sourcecode.swift; path = Factory.swift; sourceTree = "<group>"; };
		84FD8B6D29D189260083A1E4 /* CategoriesFactory.swift */ = {isa = PBXFileReference; lastKnownFileType = sourcecode.swift; path = CategoriesFactory.swift; sourceTree = "<group>"; };
		84FD8B6F29D18A6E0083A1E4 /* ProjectsFactory.swift */ = {isa = PBXFileReference; lastKnownFileType = sourcecode.swift; path = ProjectsFactory.swift; sourceTree = "<group>"; };
		FA31F24E27D75E890005929D /* ProjectHeaderView.swift */ = {isa = PBXFileReference; lastKnownFileType = sourcecode.swift; path = ProjectHeaderView.swift; sourceTree = "<group>"; };
		FA31F25027D766230005929D /* TaskTableViewCell.swift */ = {isa = PBXFileReference; lastKnownFileType = sourcecode.swift; path = TaskTableViewCell.swift; sourceTree = "<group>"; };
		FA31F25227D7737C0005929D /* ProjectsViewModel.swift */ = {isa = PBXFileReference; lastKnownFileType = sourcecode.swift; path = ProjectsViewModel.swift; sourceTree = "<group>"; };
		FA332CD7273560D70053FB0F /* PersistenceServiceImpl.swift */ = {isa = PBXFileReference; lastKnownFileType = sourcecode.swift; path = PersistenceServiceImpl.swift; sourceTree = "<group>"; };
		FA37BCDB253CA1D700BCB101 /* ToDoCoreData.app */ = {isa = PBXFileReference; explicitFileType = wrapper.application; includeInIndex = 0; path = ToDoCoreData.app; sourceTree = BUILT_PRODUCTS_DIR; };
		FA37BCDE253CA1D700BCB101 /* AppDelegate.swift */ = {isa = PBXFileReference; lastKnownFileType = sourcecode.swift; path = AppDelegate.swift; sourceTree = "<group>"; };
		FA37BCE8253CA1D700BCB101 /* ToDoCoreData.xcdatamodel */ = {isa = PBXFileReference; lastKnownFileType = wrapper.xcdatamodel; path = ToDoCoreData.xcdatamodel; sourceTree = "<group>"; };
		FA37BCEA253CA1DD00BCB101 /* Assets.xcassets */ = {isa = PBXFileReference; lastKnownFileType = folder.assetcatalog; path = Assets.xcassets; sourceTree = "<group>"; };
		FA37BCED253CA1DD00BCB101 /* Base */ = {isa = PBXFileReference; lastKnownFileType = file.storyboard; name = Base; path = Base.lproj/LaunchScreen.storyboard; sourceTree = "<group>"; };
		FA37BCEF253CA1DD00BCB101 /* Info.plist */ = {isa = PBXFileReference; lastKnownFileType = text.plist.xml; path = Info.plist; sourceTree = "<group>"; };
		FA56F4A627D757E600B28543 /* SetupFunction.swift */ = {isa = PBXFileReference; lastKnownFileType = sourcecode.swift; path = SetupFunction.swift; sourceTree = "<group>"; };
		FA94A201274A92440031DC28 /* CategoriesViewController.swift */ = {isa = PBXFileReference; lastKnownFileType = sourcecode.swift; path = CategoriesViewController.swift; sourceTree = "<group>"; };
		FA94A205274A98450031DC28 /* UIViewController+Alert.swift */ = {isa = PBXFileReference; lastKnownFileType = sourcecode.swift; path = "UIViewController+Alert.swift"; sourceTree = "<group>"; };
		FA9567C0274E5B0700DF9164 /* UIView+Extensions.swift */ = {isa = PBXFileReference; lastKnownFileType = sourcecode.swift; path = "UIView+Extensions.swift"; sourceTree = "<group>"; };
		FA9567C2274E5E7B00DF9164 /* Organizer.swift */ = {isa = PBXFileReference; lastKnownFileType = sourcecode.swift; path = Organizer.swift; sourceTree = "<group>"; };
		FA9567C5274E634C00DF9164 /* CategoriesViewModel.swift */ = {isa = PBXFileReference; lastKnownFileType = sourcecode.swift; path = CategoriesViewModel.swift; sourceTree = "<group>"; };
		FAC944A2262EAE1F00BCADAD /* ProjectsViewController.swift */ = {isa = PBXFileReference; lastKnownFileType = sourcecode.swift; path = ProjectsViewController.swift; sourceTree = "<group>"; };
/* End PBXFileReference section */

/* Begin PBXFrameworksBuildPhase section */
		FA37BCD8253CA1D700BCB101 /* Frameworks */ = {
			isa = PBXFrameworksBuildPhase;
			buildActionMask = 2147483647;
			files = (
			);
			runOnlyForDeploymentPostprocessing = 0;
		};
/* End PBXFrameworksBuildPhase section */

/* Begin PBXGroup section */
		849DB65D29281D9D00313C5F /* Views */ = {
			isa = PBXGroup;
			children = (
				84CD8EE8292A867D0041682B /* CategoryCollectionViewCell.swift */,
			);
			path = Views;
			sourceTree = "<group>";
		};
		84FD8B6929D1877E0083A1E4 /* Resources */ = {
			isa = PBXGroup;
			children = (
				FA37BCEA253CA1DD00BCB101 /* Assets.xcassets */,
			);
			path = Resources;
			sourceTree = "<group>";
		};
		84FD8B6A29D187F50083A1E4 /* Base */ = {
			isa = PBXGroup;
			children = (
				84FD8B6B29D188020083A1E4 /* Factory.swift */,
				849DB65B29281BB900313C5F /* BaseRouter.swift */,
			);
			path = Base;
			sourceTree = "<group>";
		};
		FA37BCD2253CA1D700BCB101 = {
			isa = PBXGroup;
			children = (
				FA37BCDD253CA1D700BCB101 /* ToDoCoreData */,
				FA37BCDC253CA1D700BCB101 /* Products */,
			);
			sourceTree = "<group>";
		};
		FA37BCDC253CA1D700BCB101 /* Products */ = {
			isa = PBXGroup;
			children = (
				FA37BCDB253CA1D700BCB101 /* ToDoCoreData.app */,
			);
			name = Products;
			sourceTree = "<group>";
		};
		FA37BCDD253CA1D700BCB101 /* ToDoCoreData */ = {
			isa = PBXGroup;
			children = (
				FA37BCDE253CA1D700BCB101 /* AppDelegate.swift */,
				84FD8B6A29D187F50083A1E4 /* Base */,
				FA56F4A527D757D600B28543 /* Helpers */,
				FA9567BF274E5AEC00DF9164 /* Extensions */,
				FA94A203274A95830031DC28 /* Managers */,
				FA94A207274A9FEC0031DC28 /* Models */,
				FA56F4A827D75A2E00B28543 /* Modules */,
				84FD8B6929D1877E0083A1E4 /* Resources */,
				FA37BCEC253CA1DD00BCB101 /* LaunchScreen.storyboard */,
				FA37BCEF253CA1DD00BCB101 /* Info.plist */,
				FA37BCE7253CA1D700BCB101 /* ToDoCoreData.xcdatamodeld */,
			);
			path = ToDoCoreData;
			sourceTree = "<group>";
		};
		FA56F4A527D757D600B28543 /* Helpers */ = {
			isa = PBXGroup;
			children = (
				FA56F4A627D757E600B28543 /* SetupFunction.swift */,
				84EE919D29D2D84200DC1AA3 /* Constants.swift */,
			);
			path = Helpers;
			sourceTree = "<group>";
		};
		FA56F4A827D75A2E00B28543 /* Modules */ = {
			isa = PBXGroup;
			children = (
				FA56F4A927D75A4200B28543 /* Categories */,
				FA56F4AA27D75A9F00B28543 /* Tasks */,
			);
			path = Modules;
			sourceTree = "<group>";
		};
		FA56F4A927D75A4200B28543 /* Categories */ = {
			isa = PBXGroup;
			children = (
				849DB65D29281D9D00313C5F /* Views */,
				849DB6572928183500313C5F /* CategoriesView.swift */,
				FA94A201274A92440031DC28 /* CategoriesViewController.swift */,
				848FD98C29ED30A000196565 /* CategoriesDataSource.swift */,
				FA9567C5274E634C00DF9164 /* CategoriesViewModel.swift */,
				849DB65929281BAB00313C5F /* CategoriesRouter.swift */,
				84FD8B6D29D189260083A1E4 /* CategoriesFactory.swift */,
			);
			path = Categories;
			sourceTree = "<group>";
		};
		FA56F4AA27D75A9F00B28543 /* Tasks */ = {
			isa = PBXGroup;
			children = (
				FA932D922857698200D83A6B /* Views */,
				849DB65E292959E400313C5F /* ProjectsView.swift */,
				FAC944A2262EAE1F00BCADAD /* ProjectsViewController.swift */,
				848FD98A29ED2D8A00196565 /* ProjectsDataSource.swift */,
				FA31F25227D7737C0005929D /* ProjectsViewModel.swift */,
				84FD8B6F29D18A6E0083A1E4 /* ProjectsFactory.swift */,
			);
			path = Tasks;
			sourceTree = "<group>";
		};
		FA932D922857698200D83A6B /* Views */ = {
			isa = PBXGroup;
			children = (
				FA31F24E27D75E890005929D /* ProjectHeaderView.swift */,
				FA31F25027D766230005929D /* TaskTableViewCell.swift */,
			);
			path = Views;
			sourceTree = "<group>";
		};
		FA94A203274A95830031DC28 /* Managers */ = {
			isa = PBXGroup;
			children = (
				84D9AC0929A4AD3A00385673 /* PersistenceService.swift */,
				FA332CD7273560D70053FB0F /* PersistenceServiceImpl.swift */,
			);
			path = Managers;
			sourceTree = "<group>";
		};
		FA94A207274A9FEC0031DC28 /* Models */ = {
			isa = PBXGroup;
			children = (
				8472F52729D1D41F004FFC04 /* Project+CoreDataClass.swift */,
				8472F52829D1D41F004FFC04 /* Project+CoreDataProperties.swift */,
				8472F52929D1D41F004FFC04 /* Task+CoreDataClass.swift */,
				8472F52A29D1D41F004FFC04 /* Task+CoreDataProperties.swift */,
				8472F52B29D1D41F004FFC04 /* Category+CoreDataClass.swift */,
				8472F52C29D1D41F004FFC04 /* Category+CoreDataProperties.swift */,
				FA9567C2274E5E7B00DF9164 /* Organizer.swift */,
			);
			path = Models;
			sourceTree = "<group>";
		};
		FA9567BF274E5AEC00DF9164 /* Extensions */ = {
			isa = PBXGroup;
			children = (
				FA9567C0274E5B0700DF9164 /* UIView+Extensions.swift */,
				FA94A205274A98450031DC28 /* UIViewController+Alert.swift */,
				84F7284C298BE22E00FAAE24 /* UITableViewCell+Extensions.swift */,
				84F7284E298BE27C00FAAE24 /* UICollectionViewCell+Extensions.swift */,
				84F72854298BF31600FAAE24 /* UITableViewHeaderFooterView+Extensions.swift */,
				84F72850298BE30A00FAAE24 /* UITableView+Extensions.swift */,
				84F72852298BE4AC00FAAE24 /* UICollectionView+Extensions.swift */,
			);
			path = Extensions;
			sourceTree = "<group>";
		};
/* End PBXGroup section */

/* Begin PBXNativeTarget section */
		FA37BCDA253CA1D700BCB101 /* ToDoCoreData */ = {
			isa = PBXNativeTarget;
			buildConfigurationList = FA37BCF2253CA1DD00BCB101 /* Build configuration list for PBXNativeTarget "ToDoCoreData" */;
			buildPhases = (
				FA37BCD7253CA1D700BCB101 /* Sources */,
				FA37BCD8253CA1D700BCB101 /* Frameworks */,
				FA37BCD9253CA1D700BCB101 /* Resources */,
			);
			buildRules = (
			);
			dependencies = (
			);
			name = ToDoCoreData;
			productName = ToDoCoreData;
			productReference = FA37BCDB253CA1D700BCB101 /* ToDoCoreData.app */;
			productType = "com.apple.product-type.application";
		};
/* End PBXNativeTarget section */

/* Begin PBXProject section */
		FA37BCD3253CA1D700BCB101 /* Project object */ = {
			isa = PBXProject;
			attributes = {
				LastSwiftUpdateCheck = 1200;
				LastUpgradeCheck = 1200;
				TargetAttributes = {
					FA37BCDA253CA1D700BCB101 = {
						CreatedOnToolsVersion = 12.0.1;
					};
				};
			};
			buildConfigurationList = FA37BCD6253CA1D700BCB101 /* Build configuration list for PBXProject "ToDoCoreData" */;
			compatibilityVersion = "Xcode 9.3";
			developmentRegion = en;
			hasScannedForEncodings = 0;
			knownRegions = (
				en,
				Base,
			);
			mainGroup = FA37BCD2253CA1D700BCB101;
			productRefGroup = FA37BCDC253CA1D700BCB101 /* Products */;
			projectDirPath = "";
			projectRoot = "";
			targets = (
				FA37BCDA253CA1D700BCB101 /* ToDoCoreData */,
			);
		};
/* End PBXProject section */

/* Begin PBXResourcesBuildPhase section */
		FA37BCD9253CA1D700BCB101 /* Resources */ = {
			isa = PBXResourcesBuildPhase;
			buildActionMask = 2147483647;
			files = (
				FA37BCEE253CA1DD00BCB101 /* LaunchScreen.storyboard in Resources */,
				FA37BCEB253CA1DD00BCB101 /* Assets.xcassets in Resources */,
			);
			runOnlyForDeploymentPostprocessing = 0;
		};
/* End PBXResourcesBuildPhase section */

/* Begin PBXSourcesBuildPhase section */
		FA37BCD7253CA1D700BCB101 /* Sources */ = {
			isa = PBXSourcesBuildPhase;
			buildActionMask = 2147483647;
			files = (
				84D9AC0A29A4AD3A00385673 /* PersistenceService.swift in Sources */,
				84EE919E29D2D84200DC1AA3 /* Constants.swift in Sources */,
				FA37BCDF253CA1D700BCB101 /* AppDelegate.swift in Sources */,
				84F7284F298BE27C00FAAE24 /* UICollectionViewCell+Extensions.swift in Sources */,
				FA31F25127D766240005929D /* TaskTableViewCell.swift in Sources */,
				FA31F24F27D75E890005929D /* ProjectHeaderView.swift in Sources */,
				FA37BCE9253CA1D700BCB101 /* ToDoCoreData.xcdatamodeld in Sources */,
				FAC944A3262EAE1F00BCADAD /* ProjectsViewController.swift in Sources */,
				FA9567C1274E5B0700DF9164 /* UIView+Extensions.swift in Sources */,
				84FD8B6E29D189260083A1E4 /* CategoriesFactory.swift in Sources */,
				848FD98D29ED30A000196565 /* CategoriesDataSource.swift in Sources */,
				84F72851298BE30A00FAAE24 /* UITableView+Extensions.swift in Sources */,
				84FD8B7029D18A6E0083A1E4 /* ProjectsFactory.swift in Sources */,
				849DB65F292959E400313C5F /* ProjectsView.swift in Sources */,
				FA332CD8273560D70053FB0F /* PersistenceServiceImpl.swift in Sources */,
				849DB65A29281BAB00313C5F /* CategoriesRouter.swift in Sources */,
				84F72853298BE4AC00FAAE24 /* UICollectionView+Extensions.swift in Sources */,
				8472F53029D1D41F004FFC04 /* Task+CoreDataProperties.swift in Sources */,
				84CD8EE9292A867D0041682B /* CategoryCollectionViewCell.swift in Sources */,
				8472F52F29D1D41F004FFC04 /* Task+CoreDataClass.swift in Sources */,
				849DB65C29281BB900313C5F /* BaseRouter.swift in Sources */,
				8472F52D29D1D41F004FFC04 /* Project+CoreDataClass.swift in Sources */,
				849DB6582928183500313C5F /* CategoriesView.swift in Sources */,
				848FD98B29ED2D8A00196565 /* ProjectsDataSource.swift in Sources */,
				FA9567C3274E5E7B00DF9164 /* Organizer.swift in Sources */,
				FA31F25327D7737C0005929D /* ProjectsViewModel.swift in Sources */,
				FA94A206274A98450031DC28 /* UIViewController+Alert.swift in Sources */,
				84FD8B6C29D188020083A1E4 /* Factory.swift in Sources */,
				8472F53129D1D41F004FFC04 /* Category+CoreDataClass.swift in Sources */,
				FA56F4A727D757E600B28543 /* SetupFunction.swift in Sources */,
				FA94A202274A92440031DC28 /* CategoriesViewController.swift in Sources */,
				8472F53229D1D41F004FFC04 /* Category+CoreDataProperties.swift in Sources */,
				84F7284D298BE22E00FAAE24 /* UITableViewCell+Extensions.swift in Sources */,
				84F72855298BF31600FAAE24 /* UITableViewHeaderFooterView+Extensions.swift in Sources */,
				FA9567C6274E634C00DF9164 /* CategoriesViewModel.swift in Sources */,
				8472F52E29D1D41F004FFC04 /* Project+CoreDataProperties.swift in Sources */,
			);
			runOnlyForDeploymentPostprocessing = 0;
		};
/* End PBXSourcesBuildPhase section */

/* Begin PBXVariantGroup section */
		FA37BCEC253CA1DD00BCB101 /* LaunchScreen.storyboard */ = {
			isa = PBXVariantGroup;
			children = (
				FA37BCED253CA1DD00BCB101 /* Base */,
			);
			name = LaunchScreen.storyboard;
			sourceTree = "<group>";
		};
/* End PBXVariantGroup section */

/* Begin XCBuildConfiguration section */
		FA37BCF0253CA1DD00BCB101 /* Debug */ = {
			isa = XCBuildConfiguration;
			buildSettings = {
				ALWAYS_SEARCH_USER_PATHS = NO;
				CLANG_ANALYZER_NONNULL = YES;
				CLANG_ANALYZER_NUMBER_OBJECT_CONVERSION = YES_AGGRESSIVE;
				CLANG_CXX_LANGUAGE_STANDARD = "gnu++14";
				CLANG_CXX_LIBRARY = "libc++";
				CLANG_ENABLE_MODULES = YES;
				CLANG_ENABLE_OBJC_ARC = YES;
				CLANG_ENABLE_OBJC_WEAK = YES;
				CLANG_WARN_BLOCK_CAPTURE_AUTORELEASING = YES;
				CLANG_WARN_BOOL_CONVERSION = YES;
				CLANG_WARN_COMMA = YES;
				CLANG_WARN_CONSTANT_CONVERSION = YES;
				CLANG_WARN_DEPRECATED_OBJC_IMPLEMENTATIONS = YES;
				CLANG_WARN_DIRECT_OBJC_ISA_USAGE = YES_ERROR;
				CLANG_WARN_DOCUMENTATION_COMMENTS = YES;
				CLANG_WARN_EMPTY_BODY = YES;
				CLANG_WARN_ENUM_CONVERSION = YES;
				CLANG_WARN_INFINITE_RECURSION = YES;
				CLANG_WARN_INT_CONVERSION = YES;
				CLANG_WARN_NON_LITERAL_NULL_CONVERSION = YES;
				CLANG_WARN_OBJC_IMPLICIT_RETAIN_SELF = YES;
				CLANG_WARN_OBJC_LITERAL_CONVERSION = YES;
				CLANG_WARN_OBJC_ROOT_CLASS = YES_ERROR;
				CLANG_WARN_QUOTED_INCLUDE_IN_FRAMEWORK_HEADER = YES;
				CLANG_WARN_RANGE_LOOP_ANALYSIS = YES;
				CLANG_WARN_STRICT_PROTOTYPES = YES;
				CLANG_WARN_SUSPICIOUS_MOVE = YES;
				CLANG_WARN_UNGUARDED_AVAILABILITY = YES_AGGRESSIVE;
				CLANG_WARN_UNREACHABLE_CODE = YES;
				CLANG_WARN__DUPLICATE_METHOD_MATCH = YES;
				COPY_PHASE_STRIP = NO;
				DEBUG_INFORMATION_FORMAT = dwarf;
				ENABLE_STRICT_OBJC_MSGSEND = YES;
				ENABLE_TESTABILITY = YES;
				GCC_C_LANGUAGE_STANDARD = gnu11;
				GCC_DYNAMIC_NO_PIC = NO;
				GCC_NO_COMMON_BLOCKS = YES;
				GCC_OPTIMIZATION_LEVEL = 0;
				GCC_PREPROCESSOR_DEFINITIONS = (
					"DEBUG=1",
					"$(inherited)",
				);
				GCC_WARN_64_TO_32_BIT_CONVERSION = YES;
				GCC_WARN_ABOUT_RETURN_TYPE = YES_ERROR;
				GCC_WARN_UNDECLARED_SELECTOR = YES;
				GCC_WARN_UNINITIALIZED_AUTOS = YES_AGGRESSIVE;
				GCC_WARN_UNUSED_FUNCTION = YES;
				GCC_WARN_UNUSED_VARIABLE = YES;
				IPHONEOS_DEPLOYMENT_TARGET = 14.0;
				MTL_ENABLE_DEBUG_INFO = INCLUDE_SOURCE;
				MTL_FAST_MATH = YES;
				ONLY_ACTIVE_ARCH = YES;
				SDKROOT = iphoneos;
				SWIFT_ACTIVE_COMPILATION_CONDITIONS = DEBUG;
				SWIFT_OPTIMIZATION_LEVEL = "-Onone";
			};
			name = Debug;
		};
		FA37BCF1253CA1DD00BCB101 /* Release */ = {
			isa = XCBuildConfiguration;
			buildSettings = {
				ALWAYS_SEARCH_USER_PATHS = NO;
				CLANG_ANALYZER_NONNULL = YES;
				CLANG_ANALYZER_NUMBER_OBJECT_CONVERSION = YES_AGGRESSIVE;
				CLANG_CXX_LANGUAGE_STANDARD = "gnu++14";
				CLANG_CXX_LIBRARY = "libc++";
				CLANG_ENABLE_MODULES = YES;
				CLANG_ENABLE_OBJC_ARC = YES;
				CLANG_ENABLE_OBJC_WEAK = YES;
				CLANG_WARN_BLOCK_CAPTURE_AUTORELEASING = YES;
				CLANG_WARN_BOOL_CONVERSION = YES;
				CLANG_WARN_COMMA = YES;
				CLANG_WARN_CONSTANT_CONVERSION = YES;
				CLANG_WARN_DEPRECATED_OBJC_IMPLEMENTATIONS = YES;
				CLANG_WARN_DIRECT_OBJC_ISA_USAGE = YES_ERROR;
				CLANG_WARN_DOCUMENTATION_COMMENTS = YES;
				CLANG_WARN_EMPTY_BODY = YES;
				CLANG_WARN_ENUM_CONVERSION = YES;
				CLANG_WARN_INFINITE_RECURSION = YES;
				CLANG_WARN_INT_CONVERSION = YES;
				CLANG_WARN_NON_LITERAL_NULL_CONVERSION = YES;
				CLANG_WARN_OBJC_IMPLICIT_RETAIN_SELF = YES;
				CLANG_WARN_OBJC_LITERAL_CONVERSION = YES;
				CLANG_WARN_OBJC_ROOT_CLASS = YES_ERROR;
				CLANG_WARN_QUOTED_INCLUDE_IN_FRAMEWORK_HEADER = YES;
				CLANG_WARN_RANGE_LOOP_ANALYSIS = YES;
				CLANG_WARN_STRICT_PROTOTYPES = YES;
				CLANG_WARN_SUSPICIOUS_MOVE = YES;
				CLANG_WARN_UNGUARDED_AVAILABILITY = YES_AGGRESSIVE;
				CLANG_WARN_UNREACHABLE_CODE = YES;
				CLANG_WARN__DUPLICATE_METHOD_MATCH = YES;
				COPY_PHASE_STRIP = NO;
				DEBUG_INFORMATION_FORMAT = "dwarf-with-dsym";
				ENABLE_NS_ASSERTIONS = NO;
				ENABLE_STRICT_OBJC_MSGSEND = YES;
				GCC_C_LANGUAGE_STANDARD = gnu11;
				GCC_NO_COMMON_BLOCKS = YES;
				GCC_WARN_64_TO_32_BIT_CONVERSION = YES;
				GCC_WARN_ABOUT_RETURN_TYPE = YES_ERROR;
				GCC_WARN_UNDECLARED_SELECTOR = YES;
				GCC_WARN_UNINITIALIZED_AUTOS = YES_AGGRESSIVE;
				GCC_WARN_UNUSED_FUNCTION = YES;
				GCC_WARN_UNUSED_VARIABLE = YES;
				IPHONEOS_DEPLOYMENT_TARGET = 14.0;
				MTL_ENABLE_DEBUG_INFO = NO;
				MTL_FAST_MATH = YES;
				SDKROOT = iphoneos;
				SWIFT_COMPILATION_MODE = wholemodule;
				SWIFT_OPTIMIZATION_LEVEL = "-O";
				VALIDATE_PRODUCT = YES;
			};
			name = Release;
		};
		FA37BCF3253CA1DD00BCB101 /* Debug */ = {
			isa = XCBuildConfiguration;
			buildSettings = {
				ASSETCATALOG_COMPILER_APPICON_NAME = AppIcon;
				ASSETCATALOG_COMPILER_GLOBAL_ACCENT_COLOR_NAME = AccentColor;
				CODE_SIGN_STYLE = Automatic;
				DEVELOPMENT_TEAM = 573CM7Y6R3;
				INFOPLIST_FILE = ToDoCoreData/Info.plist;
				LD_RUNPATH_SEARCH_PATHS = (
					"$(inherited)",
					"@executable_path/Frameworks",
				);
				PRODUCT_BUNDLE_IDENTIFIER = com.ToDoCoreData;
				PRODUCT_NAME = "$(TARGET_NAME)";
				SWIFT_VERSION = 5.0;
				TARGETED_DEVICE_FAMILY = "1,2";
			};
			name = Debug;
		};
		FA37BCF4253CA1DD00BCB101 /* Release */ = {
			isa = XCBuildConfiguration;
			buildSettings = {
				ASSETCATALOG_COMPILER_APPICON_NAME = AppIcon;
				ASSETCATALOG_COMPILER_GLOBAL_ACCENT_COLOR_NAME = AccentColor;
				CODE_SIGN_STYLE = Automatic;
				DEVELOPMENT_TEAM = 573CM7Y6R3;
				INFOPLIST_FILE = ToDoCoreData/Info.plist;
				LD_RUNPATH_SEARCH_PATHS = (
					"$(inherited)",
					"@executable_path/Frameworks",
				);
				PRODUCT_BUNDLE_IDENTIFIER = com.ToDoCoreData;
				PRODUCT_NAME = "$(TARGET_NAME)";
				SWIFT_VERSION = 5.0;
				TARGETED_DEVICE_FAMILY = "1,2";
			};
			name = Release;
		};
/* End XCBuildConfiguration section */

/* Begin XCConfigurationList section */
		FA37BCD6253CA1D700BCB101 /* Build configuration list for PBXProject "ToDoCoreData" */ = {
			isa = XCConfigurationList;
			buildConfigurations = (
				FA37BCF0253CA1DD00BCB101 /* Debug */,
				FA37BCF1253CA1DD00BCB101 /* Release */,
			);
			defaultConfigurationIsVisible = 0;
			defaultConfigurationName = Release;
		};
		FA37BCF2253CA1DD00BCB101 /* Build configuration list for PBXNativeTarget "ToDoCoreData" */ = {
			isa = XCConfigurationList;
			buildConfigurations = (
				FA37BCF3253CA1DD00BCB101 /* Debug */,
				FA37BCF4253CA1DD00BCB101 /* Release */,
			);
			defaultConfigurationIsVisible = 0;
			defaultConfigurationName = Release;
		};
/* End XCConfigurationList section */

/* Begin XCVersionGroup section */
		FA37BCE7253CA1D700BCB101 /* ToDoCoreData.xcdatamodeld */ = {
			isa = XCVersionGroup;
			children = (
				FA37BCE8253CA1D700BCB101 /* ToDoCoreData.xcdatamodel */,
			);
			currentVersion = FA37BCE8253CA1D700BCB101 /* ToDoCoreData.xcdatamodel */;
			path = ToDoCoreData.xcdatamodeld;
			sourceTree = "<group>";
			versionGroupType = wrapper.xcdatamodel;
		};
/* End XCVersionGroup section */
	};
	rootObject = FA37BCD3253CA1D700BCB101 /* Project object */;
}
